
Microsoft Visual Studio Solution File, Format Version 12.00
# Visual Studio Version 16
VisualStudioVersion = 16.0.29613.14
MinimumVisualStudioVersion = 10.0.40219.1
Project("{FAE04EC0-301F-11D3-BF4B-00C04F79EFBC}") = "QuanLyTrungTam", "QuanLyTrungTam\QuanLyTrungTam.csproj", "{43DAE837-7831-421A-8A28-0D08DF6C5C23}"
EndProject
Global
	GlobalSection(SolutionConfigurationPlatforms) = preSolution
		Debug|Any CPU = Debug|Any CPU
		Release|Any CPU = Release|Any CPU
	EndGlobalSection
	GlobalSection(ProjectConfigurationPlatforms) = postSolution
		{43DAE837-7831-421A-8A28-0D08DF6C5C23}.Debug|Any CPU.ActiveCfg = Debug|Any CPU
		{43DAE837-7831-421A-8A28-0D08DF6C5C23}.Debug|Any CPU.Build.0 = Debug|Any CPU
		{43DAE837-7831-421A-8A28-0D08DF6C5C23}.Release|Any CPU.ActiveCfg = Release|Any CPU
		{43DAE837-7831-421A-8A28-0D08DF6C5C23}.Release|Any CPU.Build.0 = Release|Any CPU
	EndGlobalSection
	GlobalSection(SolutionProperties) = preSolution
		HideSolutionNode = FALSE
	EndGlobalSection
	GlobalSection(ExtensibilityGlobals) = postSolution
		SolutionGuid = {2D28DA9C-48F0-49BE-B665-805DD2E38184}
	EndGlobalSection
EndGlobal
