
Microsoft Visual Studio Solution File, Format Version 12.00
# Visual Studio Version 16
VisualStudioVersion = 16.0.29613.14
MinimumVisualStudioVersion = 10.0.40219.1
Project("{FAE04EC0-301F-11D3-BF4B-00C04F79EFBC}") = "PR_QuanLySinhVien", "PR_QuanLySinhVien\PR_QuanLySinhVien.csproj", "{C6A15600-D520-4552-901B-543AFF3FCD7F}"
EndProject
Global
	GlobalSection(SolutionConfigurationPlatforms) = preSolution
		Debug|Any CPU = Debug|Any CPU
		Release|Any CPU = Release|Any CPU
	EndGlobalSection
	GlobalSection(ProjectConfigurationPlatforms) = postSolution
		{C6A15600-D520-4552-901B-543AFF3FCD7F}.Debug|Any CPU.ActiveCfg = Debug|Any CPU
		{C6A15600-D520-4552-901B-543AFF3FCD7F}.Debug|Any CPU.Build.0 = Debug|Any CPU
		{C6A15600-D520-4552-901B-543AFF3FCD7F}.Release|Any CPU.ActiveCfg = Release|Any CPU
		{C6A15600-D520-4552-901B-543AFF3FCD7F}.Release|Any CPU.Build.0 = Release|Any CPU
	EndGlobalSection
	GlobalSection(SolutionProperties) = preSolution
		HideSolutionNode = FALSE
	EndGlobalSection
	GlobalSection(ExtensibilityGlobals) = postSolution
		SolutionGuid = {135AD3CE-C7C8-46F2-B1F9-45504924D9B2}
	EndGlobalSection
EndGlobal
