
Microsoft Visual Studio Solution File, Format Version 12.00
# Visual Studio Version 16
VisualStudioVersion = 16.0.29613.14
MinimumVisualStudioVersion = 10.0.40219.1
Project("{FAE04EC0-301F-11D3-BF4B-00C04F79EFBC}") = "WindowsFormsApp1", "WindowsFormsApp1.csproj", "{A2414D31-AAA8-4D5A-B382-0F8101C16E58}"
EndProject
Global
	GlobalSection(SolutionConfigurationPlatforms) = preSolution
		Debug|Any CPU = Debug|Any CPU
		Release|Any CPU = Release|Any CPU
	EndGlobalSection
	GlobalSection(ProjectConfigurationPlatforms) = postSolution
		{A2414D31-AAA8-4D5A-B382-0F8101C16E58}.Debug|Any CPU.ActiveCfg = Debug|Any CPU
		{A2414D31-AAA8-4D5A-B382-0F8101C16E58}.Debug|Any CPU.Build.0 = Debug|Any CPU
		{A2414D31-AAA8-4D5A-B382-0F8101C16E58}.Release|Any CPU.ActiveCfg = Release|Any CPU
		{A2414D31-AAA8-4D5A-B382-0F8101C16E58}.Release|Any CPU.Build.0 = Release|Any CPU
	EndGlobalSection
	GlobalSection(SolutionProperties) = preSolution
		HideSolutionNode = FALSE
	EndGlobalSection
	GlobalSection(ExtensibilityGlobals) = postSolution
		SolutionGuid = {9926B6BE-FFA2-4AAD-99F2-FCCC5FAD6333}
	EndGlobalSection
EndGlobal
