
Microsoft Visual Studio Solution File, Format Version 12.00
# Visual Studio Version 16
VisualStudioVersion = 16.0.29613.14
MinimumVisualStudioVersion = 10.0.40219.1
Project("{FAE04EC0-301F-11D3-BF4B-00C04F79EFBC}") = "SqlConnectWinform", "SqlConnectWinform.csproj", "{C861D1D6-6D46-44A9-BF34-9FF973350305}"
EndProject
Global
	GlobalSection(SolutionConfigurationPlatforms) = preSolution
		Debug|Any CPU = Debug|Any CPU
		Release|Any CPU = Release|Any CPU
	EndGlobalSection
	GlobalSection(ProjectConfigurationPlatforms) = postSolution
		{C861D1D6-6D46-44A9-BF34-9FF973350305}.Debug|Any CPU.ActiveCfg = Debug|Any CPU
		{C861D1D6-6D46-44A9-BF34-9FF973350305}.Debug|Any CPU.Build.0 = Debug|Any CPU
		{C861D1D6-6D46-44A9-BF34-9FF973350305}.Release|Any CPU.ActiveCfg = Release|Any CPU
		{C861D1D6-6D46-44A9-BF34-9FF973350305}.Release|Any CPU.Build.0 = Release|Any CPU
	EndGlobalSection
	GlobalSection(SolutionProperties) = preSolution
		HideSolutionNode = FALSE
	EndGlobalSection
	GlobalSection(ExtensibilityGlobals) = postSolution
		SolutionGuid = {3EAF1D04-896A-4831-8B15-2C432196CDC5}
	EndGlobalSection
EndGlobal
