
Microsoft Visual Studio Solution File, Format Version 12.00
# Visual Studio Version 16
VisualStudioVersion = 16.0.29613.14
MinimumVisualStudioVersion = 10.0.40219.1
Project("{FAE04EC0-301F-11D3-BF4B-00C04F79EFBC}") = "RichtextBoxAndStream", "RichtextBoxAndStream.csproj", "{223695E4-561D-49CF-9A16-039D79B35286}"
EndProject
Global
	GlobalSection(SolutionConfigurationPlatforms) = preSolution
		Debug|Any CPU = Debug|Any CPU
		Release|Any CPU = Release|Any CPU
	EndGlobalSection
	GlobalSection(ProjectConfigurationPlatforms) = postSolution
		{223695E4-561D-49CF-9A16-039D79B35286}.Debug|Any CPU.ActiveCfg = Debug|Any CPU
		{223695E4-561D-49CF-9A16-039D79B35286}.Debug|Any CPU.Build.0 = Debug|Any CPU
		{223695E4-561D-49CF-9A16-039D79B35286}.Release|Any CPU.ActiveCfg = Release|Any CPU
		{223695E4-561D-49CF-9A16-039D79B35286}.Release|Any CPU.Build.0 = Release|Any CPU
	EndGlobalSection
	GlobalSection(SolutionProperties) = preSolution
		HideSolutionNode = FALSE
	EndGlobalSection
	GlobalSection(ExtensibilityGlobals) = postSolution
		SolutionGuid = {F21F98CA-04C0-4D3E-9DBD-521479633767}
	EndGlobalSection
EndGlobal
